
Microsoft Visual Studio Solution File, Format Version 12.00
# Visual Studio 15
VisualStudioVersion = 15.0.27703.2035
MinimumVisualStudioVersion = 10.0.40219.1
Project("{9A19103F-16F7-4668-BE54-9A1E7A4F7556}") = "TSOVersionPatcher", "TSOVersionPatcher\TSOVersionPatcher.csproj", "{CF1559FC-BC6E-4046-A1FE-9C3DE2C34EF1}"
EndProject
Project("{FAE04EC0-301F-11D3-BF4B-00C04F79EFBC}") = "TSOVersionPatcherF", "TSOVersionPatcherF\TSOVersionPatcherF.csproj", "{00F89E4D-DF7C-47C5-B996-0848DFAA193D}"
EndProject
Global
	GlobalSection(SolutionConfigurationPlatforms) = preSolution
		Debug|Any CPU = Debug|Any CPU
		Release|Any CPU = Release|Any CPU
	EndGlobalSection
	GlobalSection(ProjectConfigurationPlatforms) = postSolution
		{CF1559FC-BC6E-4046-A1FE-9C3DE2C34EF1}.Debug|Any CPU.ActiveCfg = Debug|Any CPU
		{CF1559FC-BC6E-4046-A1FE-9C3DE2C34EF1}.Debug|Any CPU.Build.0 = Debug|Any CPU
		{CF1559FC-BC6E-4046-A1FE-9C3DE2C34EF1}.Release|Any CPU.ActiveCfg = Release|Any CPU
		{CF1559FC-BC6E-4046-A1FE-9C3DE2C34EF1}.Release|Any CPU.Build.0 = Release|Any CPU
		{00F89E4D-DF7C-47C5-B996-0848DFAA193D}.Debug|Any CPU.ActiveCfg = Debug|Any CPU
		{00F89E4D-DF7C-47C5-B996-0848DFAA193D}.Debug|Any CPU.Build.0 = Debug|Any CPU
		{00F89E4D-DF7C-47C5-B996-0848DFAA193D}.Release|Any CPU.ActiveCfg = Release|Any CPU
		{00F89E4D-DF7C-47C5-B996-0848DFAA193D}.Release|Any CPU.Build.0 = Release|Any CPU
	EndGlobalSection
	GlobalSection(SolutionProperties) = preSolution
		HideSolutionNode = FALSE
	EndGlobalSection
	GlobalSection(ExtensibilityGlobals) = postSolution
		SolutionGuid = {4E84AD3F-5BFF-4A01-9793-E8D538C8CC45}
	EndGlobalSection
EndGlobal
